// !$*UTF8*$!
{
	archiveVersion = 1;
	classes = {
	};
	objectVersion = 50;
	objects = {

/* Begin PBXBuildFile section */
		134533A8214A0275005F5956 /* SunnerRefreshState.swift in Sources */ = {isa = PBXBuildFile; fileRef = 134533A7214A0275005F5956 /* SunnerRefreshState.swift */; };
		134533AA214A1850005F5956 /* SunnerRefreshBase.swift in Sources */ = {isa = PBXBuildFile; fileRef = 134533A9214A1850005F5956 /* SunnerRefreshBase.swift */; };
		135421B7214791AD005E015C /* SunnerRefresh.h in Headers */ = {isa = PBXBuildFile; fileRef = 135421B5214791AD005E015C /* SunnerRefresh.h */; settings = {ATTRIBUTES = (Public, ); }; };
		135421E42147A929005E015C /* UIScrollView+sunnerRefresh.swift in Sources */ = {isa = PBXBuildFile; fileRef = 135421E32147A929005E015C /* UIScrollView+sunnerRefresh.swift */; };
		135421E62147A9E8005E015C /* SunnerRefreshHeader.swift in Sources */ = {isa = PBXBuildFile; fileRef = 135421E52147A9E8005E015C /* SunnerRefreshHeader.swift */; };
		135421E82147AF16005E015C /* SunnerRefreshFooter.swift in Sources */ = {isa = PBXBuildFile; fileRef = 135421E72147AF16005E015C /* SunnerRefreshFooter.swift */; };
		135421EC2147B941005E015C /* SunnerRefreshConst.swift in Sources */ = {isa = PBXBuildFile; fileRef = 135421EB2147B941005E015C /* SunnerRefreshConst.swift */; };
		135421EE2147B9ED005E015C /* UIView+SunnerExtension.swift in Sources */ = {isa = PBXBuildFile; fileRef = 135421ED2147B9ED005E015C /* UIView+SunnerExtension.swift */; };
		1354FFFA214F3B56008A22CE /* SunnerIndicatorRefreshHeader.swift in Sources */ = {isa = PBXBuildFile; fileRef = 1354FFF9214F3B56008A22CE /* SunnerIndicatorRefreshHeader.swift */; };
		1354FFFC214F3BDE008A22CE /* SunnerIndicatorRefreshFooter.swift in Sources */ = {isa = PBXBuildFile; fileRef = 1354FFFB214F3BDE008A22CE /* SunnerIndicatorRefreshFooter.swift */; };
/* End PBXBuildFile section */

/* Begin PBXFileReference section */
		134533A7214A0275005F5956 /* SunnerRefreshState.swift */ = {isa = PBXFileReference; lastKnownFileType = sourcecode.swift; path = SunnerRefreshState.swift; sourceTree = "<group>"; };
		134533A9214A1850005F5956 /* SunnerRefreshBase.swift */ = {isa = PBXFileReference; lastKnownFileType = sourcecode.swift; path = SunnerRefreshBase.swift; sourceTree = "<group>"; };
		135421B2214791AD005E015C /* SunnerRefresh.framework */ = {isa = PBXFileReference; explicitFileType = wrapper.framework; includeInIndex = 0; path = SunnerRefresh.framework; sourceTree = BUILT_PRODUCTS_DIR; };
		135421B5214791AD005E015C /* SunnerRefresh.h */ = {isa = PBXFileReference; lastKnownFileType = sourcecode.c.h; path = SunnerRefresh.h; sourceTree = "<group>"; };
		135421B6214791AD005E015C /* Info.plist */ = {isa = PBXFileReference; lastKnownFileType = text.plist.xml; path = Info.plist; sourceTree = "<group>"; };
		135421E32147A929005E015C /* UIScrollView+sunnerRefresh.swift */ = {isa = PBXFileReference; lastKnownFileType = sourcecode.swift; path = "UIScrollView+sunnerRefresh.swift"; sourceTree = "<group>"; };
		135421E52147A9E8005E015C /* SunnerRefreshHeader.swift */ = {isa = PBXFileReference; lastKnownFileType = sourcecode.swift; path = SunnerRefreshHeader.swift; sourceTree = "<group>"; };
		135421E72147AF16005E015C /* SunnerRefreshFooter.swift */ = {isa = PBXFileReference; lastKnownFileType = sourcecode.swift; path = SunnerRefreshFooter.swift; sourceTree = "<group>"; };
		135421EB2147B941005E015C /* SunnerRefreshConst.swift */ = {isa = PBXFileReference; lastKnownFileType = sourcecode.swift; path = SunnerRefreshConst.swift; sourceTree = "<group>"; };
		135421ED2147B9ED005E015C /* UIView+SunnerExtension.swift */ = {isa = PBXFileReference; lastKnownFileType = sourcecode.swift; path = "UIView+SunnerExtension.swift"; sourceTree = "<group>"; };
		1354FFF9214F3B56008A22CE /* SunnerIndicatorRefreshHeader.swift */ = {isa = PBXFileReference; lastKnownFileType = sourcecode.swift; path = SunnerIndicatorRefreshHeader.swift; sourceTree = "<group>"; };
		1354FFFB214F3BDE008A22CE /* SunnerIndicatorRefreshFooter.swift */ = {isa = PBXFileReference; lastKnownFileType = sourcecode.swift; path = SunnerIndicatorRefreshFooter.swift; sourceTree = "<group>"; };
/* End PBXFileReference section */

/* Begin PBXFrameworksBuildPhase section */
		135421AE214791AD005E015C /* Frameworks */ = {
			isa = PBXFrameworksBuildPhase;
			buildActionMask = 2147483647;
			files = (
			);
			runOnlyForDeploymentPostprocessing = 0;
		};
/* End PBXFrameworksBuildPhase section */

/* Begin PBXGroup section */
		135421A8214791AD005E015C = {
			isa = PBXGroup;
			children = (
				135421B4214791AD005E015C /* SunnerRefresh */,
				135421B3214791AD005E015C /* Products */,
			);
			sourceTree = "<group>";
		};
		135421B3214791AD005E015C /* Products */ = {
			isa = PBXGroup;
			children = (
				135421B2214791AD005E015C /* SunnerRefresh.framework */,
			);
			name = Products;
			sourceTree = "<group>";
		};
		135421B4214791AD005E015C /* SunnerRefresh */ = {
			isa = PBXGroup;
			children = (
				135421B5214791AD005E015C /* SunnerRefresh.h */,
				135421B6214791AD005E015C /* Info.plist */,
				135421E32147A929005E015C /* UIScrollView+sunnerRefresh.swift */,
				135421ED2147B9ED005E015C /* UIView+SunnerExtension.swift */,
				135421EB2147B941005E015C /* SunnerRefreshConst.swift */,
				134533A7214A0275005F5956 /* SunnerRefreshState.swift */,
				134533A9214A1850005F5956 /* SunnerRefreshBase.swift */,
				135421E52147A9E8005E015C /* SunnerRefreshHeader.swift */,
				135421E72147AF16005E015C /* SunnerRefreshFooter.swift */,
				1354FFF9214F3B56008A22CE /* SunnerIndicatorRefreshHeader.swift */,
				1354FFFB214F3BDE008A22CE /* SunnerIndicatorRefreshFooter.swift */,
			);
			path = SunnerRefresh;
			sourceTree = "<group>";
		};
/* End PBXGroup section */

/* Begin PBXHeadersBuildPhase section */
		135421AF214791AD005E015C /* Headers */ = {
			isa = PBXHeadersBuildPhase;
			buildActionMask = 2147483647;
			files = (
				135421B7214791AD005E015C /* SunnerRefresh.h in Headers */,
			);
			runOnlyForDeploymentPostprocessing = 0;
		};
/* End PBXHeadersBuildPhase section */

/* Begin PBXNativeTarget section */
		135421B1214791AD005E015C /* SunnerRefresh */ = {
			isa = PBXNativeTarget;
			buildConfigurationList = 135421BA214791AD005E015C /* Build configuration list for PBXNativeTarget "SunnerRefresh" */;
			buildPhases = (
				135421AD214791AD005E015C /* Sources */,
				135421AE214791AD005E015C /* Frameworks */,
				135421AF214791AD005E015C /* Headers */,
				135421B0214791AD005E015C /* Resources */,
			);
			buildRules = (
			);
			dependencies = (
			);
			name = SunnerRefresh;
			productName = SunnerRefresh;
			productReference = 135421B2214791AD005E015C /* SunnerRefresh.framework */;
			productType = "com.apple.product-type.framework";
		};
/* End PBXNativeTarget section */

/* Begin PBXProject section */
		135421A9214791AD005E015C /* Project object */ = {
			isa = PBXProject;
			attributes = {
				LastUpgradeCheck = 0940;
				ORGANIZATIONNAME = sunner;
				TargetAttributes = {
					135421B1214791AD005E015C = {
						CreatedOnToolsVersion = 9.4.1;
						LastSwiftMigration = 0940;
					};
				};
			};
			buildConfigurationList = 135421AC214791AD005E015C /* Build configuration list for PBXProject "SunnerRefresh" */;
			compatibilityVersion = "Xcode 9.3";
			developmentRegion = en;
			hasScannedForEncodings = 0;
			knownRegions = (
				en,
			);
			mainGroup = 135421A8214791AD005E015C;
			productRefGroup = 135421B3214791AD005E015C /* Products */;
			projectDirPath = "";
			projectRoot = "";
			targets = (
				135421B1214791AD005E015C /* SunnerRefresh */,
			);
		};
/* End PBXProject section */

/* Begin PBXResourcesBuildPhase section */
		135421B0214791AD005E015C /* Resources */ = {
			isa = PBXResourcesBuildPhase;
			buildActionMask = 2147483647;
			files = (
			);
			runOnlyForDeploymentPostprocessing = 0;
		};
/* End PBXResourcesBuildPhase section */

/* Begin PBXSourcesBuildPhase section */
		135421AD214791AD005E015C /* Sources */ = {
			isa = PBXSourcesBuildPhase;
			buildActionMask = 2147483647;
			files = (
				135421E62147A9E8005E015C /* SunnerRefreshHeader.swift in Sources */,
				1354FFFA214F3B56008A22CE /* SunnerIndicatorRefreshHeader.swift in Sources */,
				135421E82147AF16005E015C /* SunnerRefreshFooter.swift in Sources */,
				1354FFFC214F3BDE008A22CE /* SunnerIndicatorRefreshFooter.swift in Sources */,
				134533A8214A0275005F5956 /* SunnerRefreshState.swift in Sources */,
				135421EC2147B941005E015C /* SunnerRefreshConst.swift in Sources */,
				135421E42147A929005E015C /* UIScrollView+sunnerRefresh.swift in Sources */,
				135421EE2147B9ED005E015C /* UIView+SunnerExtension.swift in Sources */,
				134533AA214A1850005F5956 /* SunnerRefreshBase.swift in Sources */,
			);
			runOnlyForDeploymentPostprocessing = 0;
		};
/* End PBXSourcesBuildPhase section */

/* Begin XCBuildConfiguration section */
		135421B8214791AD005E015C /* Debug */ = {
			isa = XCBuildConfiguration;
			buildSettings = {
				ALWAYS_SEARCH_USER_PATHS = NO;
				CLANG_ANALYZER_NONNULL = YES;
				CLANG_ANALYZER_NUMBER_OBJECT_CONVERSION = YES_AGGRESSIVE;
				CLANG_CXX_LANGUAGE_STANDARD = "gnu++14";
				CLANG_CXX_LIBRARY = "libc++";
				CLANG_ENABLE_MODULES = YES;
				CLANG_ENABLE_OBJC_ARC = YES;
				CLANG_ENABLE_OBJC_WEAK = YES;
				CLANG_WARN_BLOCK_CAPTURE_AUTORELEASING = YES;
				CLANG_WARN_BOOL_CONVERSION = YES;
				CLANG_WARN_COMMA = YES;
				CLANG_WARN_CONSTANT_CONVERSION = YES;
				CLANG_WARN_DEPRECATED_OBJC_IMPLEMENTATIONS = YES;
				CLANG_WARN_DIRECT_OBJC_ISA_USAGE = YES_ERROR;
				CLANG_WARN_DOCUMENTATION_COMMENTS = YES;
				CLANG_WARN_EMPTY_BODY = YES;
				CLANG_WARN_ENUM_CONVERSION = YES;
				CLANG_WARN_INFINITE_RECURSION = YES;
				CLANG_WARN_INT_CONVERSION = YES;
				CLANG_WARN_NON_LITERAL_NULL_CONVERSION = YES;
				CLANG_WARN_OBJC_IMPLICIT_RETAIN_SELF = YES;
				CLANG_WARN_OBJC_LITERAL_CONVERSION = YES;
				CLANG_WARN_OBJC_ROOT_CLASS = YES_ERROR;
				CLANG_WARN_RANGE_LOOP_ANALYSIS = YES;
				CLANG_WARN_STRICT_PROTOTYPES = YES;
				CLANG_WARN_SUSPICIOUS_MOVE = YES;
				CLANG_WARN_UNGUARDED_AVAILABILITY = YES_AGGRESSIVE;
				CLANG_WARN_UNREACHABLE_CODE = YES;
				CLANG_WARN__DUPLICATE_METHOD_MATCH = YES;
				CODE_SIGN_IDENTITY = "iPhone Developer";
				COPY_PHASE_STRIP = NO;
				CURRENT_PROJECT_VERSION = 1;
				DEBUG_INFORMATION_FORMAT = dwarf;
				ENABLE_STRICT_OBJC_MSGSEND = YES;
				ENABLE_TESTABILITY = YES;
				GCC_C_LANGUAGE_STANDARD = gnu11;
				GCC_DYNAMIC_NO_PIC = NO;
				GCC_NO_COMMON_BLOCKS = YES;
				GCC_OPTIMIZATION_LEVEL = 0;
				GCC_PREPROCESSOR_DEFINITIONS = (
					"DEBUG=1",
					"$(inherited)",
				);
				GCC_WARN_64_TO_32_BIT_CONVERSION = YES;
				GCC_WARN_ABOUT_RETURN_TYPE = YES_ERROR;
				GCC_WARN_UNDECLARED_SELECTOR = YES;
				GCC_WARN_UNINITIALIZED_AUTOS = YES_AGGRESSIVE;
				GCC_WARN_UNUSED_FUNCTION = YES;
				GCC_WARN_UNUSED_VARIABLE = YES;
				IPHONEOS_DEPLOYMENT_TARGET = 11.4;
				MTL_ENABLE_DEBUG_INFO = YES;
				ONLY_ACTIVE_ARCH = YES;
				SDKROOT = iphoneos;
				SWIFT_ACTIVE_COMPILATION_CONDITIONS = DEBUG;
				SWIFT_OPTIMIZATION_LEVEL = "-Onone";
				VERSIONING_SYSTEM = "apple-generic";
				VERSION_INFO_PREFIX = "";
			};
			name = Debug;
		};
		135421B9214791AD005E015C /* Release */ = {
			isa = XCBuildConfiguration;
			buildSettings = {
				ALWAYS_SEARCH_USER_PATHS = NO;
				CLANG_ANALYZER_NONNULL = YES;
				CLANG_ANALYZER_NUMBER_OBJECT_CONVERSION = YES_AGGRESSIVE;
				CLANG_CXX_LANGUAGE_STANDARD = "gnu++14";
				CLANG_CXX_LIBRARY = "libc++";
				CLANG_ENABLE_MODULES = YES;
				CLANG_ENABLE_OBJC_ARC = YES;
				CLANG_ENABLE_OBJC_WEAK = YES;
				CLANG_WARN_BLOCK_CAPTURE_AUTORELEASING = YES;
				CLANG_WARN_BOOL_CONVERSION = YES;
				CLANG_WARN_COMMA = YES;
				CLANG_WARN_CONSTANT_CONVERSION = YES;
				CLANG_WARN_DEPRECATED_OBJC_IMPLEMENTATIONS = YES;
				CLANG_WARN_DIRECT_OBJC_ISA_USAGE = YES_ERROR;
				CLANG_WARN_DOCUMENTATION_COMMENTS = YES;
				CLANG_WARN_EMPTY_BODY = YES;
				CLANG_WARN_ENUM_CONVERSION = YES;
				CLANG_WARN_INFINITE_RECURSION = YES;
				CLANG_WARN_INT_CONVERSION = YES;
				CLANG_WARN_NON_LITERAL_NULL_CONVERSION = YES;
				CLANG_WARN_OBJC_IMPLICIT_RETAIN_SELF = YES;
				CLANG_WARN_OBJC_LITERAL_CONVERSION = YES;
				CLANG_WARN_OBJC_ROOT_CLASS = YES_ERROR;
				CLANG_WARN_RANGE_LOOP_ANALYSIS = YES;
				CLANG_WARN_STRICT_PROTOTYPES = YES;
				CLANG_WARN_SUSPICIOUS_MOVE = YES;
				CLANG_WARN_UNGUARDED_AVAILABILITY = YES_AGGRESSIVE;
				CLANG_WARN_UNREACHABLE_CODE = YES;
				CLANG_WARN__DUPLICATE_METHOD_MATCH = YES;
				CODE_SIGN_IDENTITY = "iPhone Developer";
				COPY_PHASE_STRIP = NO;
				CURRENT_PROJECT_VERSION = 1;
				DEBUG_INFORMATION_FORMAT = "dwarf-with-dsym";
				ENABLE_NS_ASSERTIONS = NO;
				ENABLE_STRICT_OBJC_MSGSEND = YES;
				GCC_C_LANGUAGE_STANDARD = gnu11;
				GCC_NO_COMMON_BLOCKS = YES;
				GCC_WARN_64_TO_32_BIT_CONVERSION = YES;
				GCC_WARN_ABOUT_RETURN_TYPE = YES_ERROR;
				GCC_WARN_UNDECLARED_SELECTOR = YES;
				GCC_WARN_UNINITIALIZED_AUTOS = YES_AGGRESSIVE;
				GCC_WARN_UNUSED_FUNCTION = YES;
				GCC_WARN_UNUSED_VARIABLE = YES;
				IPHONEOS_DEPLOYMENT_TARGET = 11.4;
				MTL_ENABLE_DEBUG_INFO = NO;
				SDKROOT = iphoneos;
				SWIFT_COMPILATION_MODE = wholemodule;
				SWIFT_OPTIMIZATION_LEVEL = "-O";
				VALIDATE_PRODUCT = YES;
				VERSIONING_SYSTEM = "apple-generic";
				VERSION_INFO_PREFIX = "";
			};
			name = Release;
		};
		135421BB214791AD005E015C /* Debug */ = {
			isa = XCBuildConfiguration;
			buildSettings = {
				ALWAYS_EMBED_SWIFT_STANDARD_LIBRARIES = YES;
				CLANG_ENABLE_MODULES = YES;
				CODE_SIGN_IDENTITY = "";
				CODE_SIGN_STYLE = Automatic;
				DEFINES_MODULE = YES;
				DYLIB_COMPATIBILITY_VERSION = 1;
				DYLIB_CURRENT_VERSION = 1;
				DYLIB_INSTALL_NAME_BASE = "@rpath";
				INFOPLIST_FILE = SunnerRefresh/Info.plist;
				INSTALL_PATH = "$(LOCAL_LIBRARY_DIR)/Frameworks";
				IPHONEOS_DEPLOYMENT_TARGET = 9.0;
				LD_RUNPATH_SEARCH_PATHS = (
					"$(inherited)",
					"@executable_path/Frameworks",
					"@loader_path/Frameworks",
				);
				PRODUCT_BUNDLE_IDENTIFIER = cc.SunnerRefresh;
				PRODUCT_NAME = "$(TARGET_NAME:c99extidentifier)";
				SKIP_INSTALL = YES;
				SWIFT_OPTIMIZATION_LEVEL = "-Onone";
				SWIFT_VERSION = 4.0;
				TARGETED_DEVICE_FAMILY = "1,2";
			};
			name = Debug;
		};
		135421BC214791AD005E015C /* Release */ = {
			isa = XCBuildConfiguration;
			buildSettings = {
				ALWAYS_EMBED_SWIFT_STANDARD_LIBRARIES = YES;
				CLANG_ENABLE_MODULES = YES;
				CODE_SIGN_IDENTITY = "";
				CODE_SIGN_STYLE = Automatic;
				DEFINES_MODULE = YES;
				DYLIB_COMPATIBILITY_VERSION = 1;
				DYLIB_CURRENT_VERSION = 1;
				DYLIB_INSTALL_NAME_BASE = "@rpath";
				INFOPLIST_FILE = SunnerRefresh/Info.plist;
				INSTALL_PATH = "$(LOCAL_LIBRARY_DIR)/Frameworks";
				IPHONEOS_DEPLOYMENT_TARGET = 9.0;
				LD_RUNPATH_SEARCH_PATHS = (
					"$(inherited)",
					"@executable_path/Frameworks",
					"@loader_path/Frameworks",
				);
				PRODUCT_BUNDLE_IDENTIFIER = cc.SunnerRefresh;
				PRODUCT_NAME = "$(TARGET_NAME:c99extidentifier)";
				SKIP_INSTALL = YES;
				SWIFT_VERSION = 4.0;
				TARGETED_DEVICE_FAMILY = "1,2";
			};
			name = Release;
		};
/* End XCBuildConfiguration section */

/* Begin XCConfigurationList section */
		135421AC214791AD005E015C /* Build configuration list for PBXProject "SunnerRefresh" */ = {
			isa = XCConfigurationList;
			buildConfigurations = (
				135421B8214791AD005E015C /* Debug */,
				135421B9214791AD005E015C /* Release */,
			);
			defaultConfigurationIsVisible = 0;
			defaultConfigurationName = Release;
		};
		135421BA214791AD005E015C /* Build configuration list for PBXNativeTarget "SunnerRefresh" */ = {
			isa = XCConfigurationList;
			buildConfigurations = (
				135421BB214791AD005E015C /* Debug */,
				135421BC214791AD005E015C /* Release */,
			);
			defaultConfigurationIsVisible = 0;
			defaultConfigurationName = Release;
		};
/* End XCConfigurationList section */
	};
	rootObject = 135421A9214791AD005E015C /* Project object */;
}
